{
  "version": 4,
  "terraform_version": "1.13.0",
  "serial": 66,
  "lineage": "2a820beb-078d-1df9-8624-923b682549e5",
  "outputs": {
    "file_path": {
      "value": {
        "first": "./files/test-first.txt",
        "second": "./files/test-second.txt",
        "third": "./files/test-third.txt"
      },
      "type": [
        "object",
        {
          "first": "string",
          "second": "string",
          "third": "string"
        }
      ]
    }
  },
  "resources": [
    {
      "mode": "data",
      "type": "http",
      "name": "this",
      "provider": "provider[\"registry.terraform.io/hashicorp/http\"]",
      "instances": [
        {
          "schema_version": 0,
          "attributes": {
            "body": "{\"ip_addr\":\"95.237.170.152\",\"user_agent\":\"Go-http-client/2.0\",\"port\":\"49168\",\"method\":\"GET\",\"encoding\":\"gzip\",\"via\":\"1.1 google\",\"forwarded\":\"95.237.170.152,34.160.111.145\"}",
            "ca_cert_pem": null,
            "client_cert_pem": null,
            "client_key_pem": null,
            "id": "https://ifconfig.me/all.json",
            "insecure": null,
            "method": null,
            "request_body": null,
            "request_headers": null,
            "request_timeout_ms": null,
            "response_body": "{\"ip_addr\":\"95.237.170.152\",\"user_agent\":\"Go-http-client/2.0\",\"port\":\"49168\",\"method\":\"GET\",\"encoding\":\"gzip\",\"via\":\"1.1 google\",\"forwarded\":\"95.237.170.152,34.160.111.145\"}",
            "response_body_base64": "eyJpcF9hZGRyIjoiOTUuMjM3LjE3MC4xNTIiLCJ1c2VyX2FnZW50IjoiR28taHR0cC1jbGllbnQvMi4wIiwicG9ydCI6IjQ5MTY4IiwibWV0aG9kIjoiR0VUIiwiZW5jb2RpbmciOiJnemlwIiwidmlhIjoiMS4xIGdvb2dsZSIsImZvcndhcmRlZCI6Ijk1LjIzNy4xNzAuMTUyLDM0LjE2MC4xMTEuMTQ1In0=",
            "response_headers": {
              "Access-Control-Allow-Origin": "*",
              "Alt-Svc": "h3=\":443\"; ma=2592000,h3-29=\":443\"; ma=2592000",
              "Content-Length": "173",
              "Content-Type": "application/json",
              "Date": "Wed, 15 Oct 2025 09:12:32 GMT",
              "Via": "1.1 google"
            },
            "retry": null,
            "status_code": 200,
            "url": "https://ifconfig.me/all.json"
          },
          "sensitive_attributes": [],
          "identity_schema_version": 0
        }
      ]
    },
    {
      "mode": "managed",
      "type": "local_file",
      "name": "template",
      "provider": "provider[\"registry.terraform.io/hashicorp/local\"]",
      "instances": [
        {
          "schema_version": 0,
          "attributes": {
            "content": "ACCESS-CONTROL-ALLOW-ORIGIN: *.\nALT-SVC: h3=\":443\"; ma=2592000,h3-29=\":443\"; ma=2592000.\nCONTENT-LENGTH: 240.\nCONTENT-TYPE: text/plain.\nDATE: Wed, 15 Oct 2025 08:49:02 GMT.\nVIA: 1.1 google.\n",
            "content_base64": null,
            "content_base64sha256": "Ei8Pnak4Io7WHfDRl8XfDirFZYCSKiodVpM8jW5pN+g=",
            "content_base64sha512": "q60UBhiTmTCOLJGfFPl0GZQ4l22ExbnA6iHsN9Sz2lC2LPD9lI9XNNi3u78YTjXMTJbQbOsOY7piJubZEmG2vg==",
            "content_md5": "7e05bc0287dbd2a146f935acf1723282",
            "content_sha1": "194ecfc1554d1190094d53e01957e5047761ffce",
            "content_sha256": "122f0f9da938228ed61df0d197c5df0e2ac56580922a2a1d56933c8d6e6937e8",
            "content_sha512": "abad1406189399308e2c919f14f974199438976d84c5b9c0ea21ec37d4b3da50b62cf0fd948f5734d8b7bbbf184e35cc4c96d06ceb0e63ba6226e6d91261b6be",
            "directory_permission": "0777",
            "file_permission": "0777",
            "filename": "./files/template-rendered.txt",
            "id": "194ecfc1554d1190094d53e01957e5047761ffce",
            "sensitive_content": null,
            "source": null
          },
          "sensitive_attributes": [
            [
              {
                "type": "get_attr",
                "value": "sensitive_content"
              }
            ]
          ],
          "identity_schema_version": 0,
          "dependencies": [
            "data.http.this"
          ]
        }
      ]
    },
    {
      "mode": "managed",
      "type": "local_file",
      "name": "this",
      "provider": "provider[\"registry.terraform.io/hashicorp/local\"]",
      "instances": [
        {
          "index_key": "first",
          "schema_version": 0,
          "attributes": {
            "content": "Prima lezione di TERRAFORM.",
            "content_base64": null,
            "content_base64sha256": "ucNKZXcaZAoqrZm95FdHfXqi4+5ZSiuVSBy7nK4vlQw=",
            "content_base64sha512": "6cpqaKYTOufCXUoC5DQI8RhXMx/2WeZCr0EHX1A4/gSg5g/YBXFlaru0R7yAQPQmnrF6zVa51278fBJt4MIRSQ==",
            "content_md5": "87d9286c8c9d03847a2c50f7e165d559",
            "content_sha1": "192e6f18d4bf3bb4adc4e28711fdef3158baf636",
            "content_sha256": "b9c34a65771a640a2aad99bde457477d7aa2e3ee594a2b95481cbb9cae2f950c",
            "content_sha512": "e9ca6a68a6133ae7c25d4a02e43408f11857331ff659e642af41075f5038fe04a0e60fd80571656abbb447bc8040f4269eb17acd56b9d76efc7c126de0c21149",
            "directory_permission": "0777",
            "file_permission": "0777",
            "filename": "./files/test-first.txt",
            "id": "192e6f18d4bf3bb4adc4e28711fdef3158baf636",
            "sensitive_content": null,
            "source": null
          },
          "sensitive_attributes": [
            [
              {
                "type": "get_attr",
                "value": "sensitive_content"
              }
            ]
          ],
          "identity_schema_version": 0
        },
        {
          "index_key": "second",
          "schema_version": 0,
          "attributes": {
            "content": "Prima lezione di ANSIBLE.",
            "content_base64": null,
            "content_base64sha256": "KB7BzRt/Hfvacq2E0ssVcOa/o/1cAItNMPYQJX1J3iQ=",
            "content_base64sha512": "dqclMmyBkl9+4uKD2/60PU5fqdP0EwzHrjwbLfiNjXsPC0mmQEzY/iP/Z9tIO7iKpjzSaDWeDFPa1Jyrb1Y+yg==",
            "content_md5": "411315f2dd268c3ee6ee39f4a260a0be",
            "content_sha1": "8278a292a84e48c11fed41d1a36fe51e2ac33bdf",
            "content_sha256": "281ec1cd1b7f1dfbda72ad84d2cb1570e6bfa3fd5c008b4d30f610257d49de24",
            "content_sha512": "76a725326c81925f7ee2e283dbfeb43d4e5fa9d3f4130cc7ae3c1b2df88d8d7b0f0b49a6404cd8fe23ff67db483bb88aa63cd268359e0c53dad49cab6f563eca",
            "directory_permission": "0777",
            "file_permission": "0777",
            "filename": "./files/test-second.txt",
            "id": "8278a292a84e48c11fed41d1a36fe51e2ac33bdf",
            "sensitive_content": null,
            "source": null
          },
          "sensitive_attributes": [
            [
              {
                "type": "get_attr",
                "value": "sensitive_content"
              }
            ]
          ],
          "identity_schema_version": 0
        },
        {
          "index_key": "third",
          "schema_version": 0,
          "attributes": {
            "content": "Prima lezione di AWS.",
            "content_base64": null,
            "content_base64sha256": "YQSIQmEVEr0V4cRGNMEG6n++iEGzuPbGwdjik0JlUTQ=",
            "content_base64sha512": "iyWO4KCMAf3ZynKurE2D1DlSI9m3u8aoQlHa0r6PurKEOlmZxNQO1f44apjTzSvJZJhJoo6yrCzLVkVdCQwTqw==",
            "content_md5": "c52712f045891ebf8371ad7d76b93425",
            "content_sha1": "b94aa005dd544c46f782a21cb22f38e559d306be",
            "content_sha256": "61048842611512bd15e1c44634c106ea7fbe8841b3b8f6c6c1d8e29342655134",
            "content_sha512": "8b258ee0a08c01fdd9ca72aeac4d83d4395223d9b7bbc6a84251dad2be8fbab2843a5999c4d40ed5fe386a98d3cd2bc9649849a28eb2ac2ccb56455d090c13ab",
            "directory_permission": "0777",
            "file_permission": "0777",
            "filename": "./files/test-third.txt",
            "id": "b94aa005dd544c46f782a21cb22f38e559d306be",
            "sensitive_content": null,
            "source": null
          },
          "sensitive_attributes": [
            [
              {
                "type": "get_attr",
                "value": "sensitive_content"
              }
            ]
          ],
          "identity_schema_version": 0
        }
      ]
    },
    {
      "module": "module.file",
      "mode": "managed",
      "type": "local_file",
      "name": "this",
      "provider": "provider[\"registry.terraform.io/hashicorp/local\"]",
      "instances": [
        {
          "schema_version": 0,
          "attributes": {
            "content": "ip_address: 95.237.170.152\nuser_agent: Go-http-client/2.0",
            "content_base64": null,
            "content_base64sha256": "zhVCVgQdrOoq6kPJME5CBOIu/l839doAMNHYFySOe34=",
            "content_base64sha512": "9GtuZ2mwhpEmOMHQ8HKrN48S3LNStrd3tieBUYmUR1C6uMpYDqQRwoTY1SrAcvSl+pOUnc2dB5L0VJVvS5SYSQ==",
            "content_md5": "4e1ef15def65cc8972e097720d7ea416",
            "content_sha1": "bf3375327fc55c51d2a1f871d973bab2a0909f58",
            "content_sha256": "ce154256041dacea2aea43c9304e4204e22efe5f37f5da0030d1d817248e7b7e",
            "content_sha512": "f46b6e6769b086912638c1d0f072ab378f12dcb352b6b777b627815189944750bab8ca580ea411c284d8d52ac072f4a5fa93949dcd9d0792f454956f4b949849",
            "directory_permission": "0777",
            "file_permission": "0777",
            "filename": "./files/response_body.json",
            "id": "bf3375327fc55c51d2a1f871d973bab2a0909f58",
            "sensitive_content": null,
            "source": null
          },
          "sensitive_attributes": [
            [
              {
                "type": "get_attr",
                "value": "sensitive_content"
              }
            ]
          ],
          "identity_schema_version": 0,
          "dependencies": [
            "data.http.this"
          ]
        }
      ]
    }
  ],
  "check_results": null
}
